// !$*UTF8*$!
{
	archiveVersion = 1;
	classes = {
	};
	objectVersion = 51;
	objects = {

/* Begin PBXBuildFile section */
		124F30ED7580334FF475B463 /* Pods_SwiftUI_MV.framework in Frameworks */ = {isa = PBXBuildFile; fileRef = 1A9EC8E156EFEE643C1C2D67 /* Pods_SwiftUI_MV.framework */; };
		D9FEAC45264BDFAA0089EAB2 /* ContentView.swift in Sources */ = {isa = PBXBuildFile; fileRef = D9FEAC44264BDFAA0089EAB2 /* ContentView.swift */; };
		D9FEAC47264BDFAD0089EAB2 /* Assets.xcassets in Resources */ = {isa = PBXBuildFile; fileRef = D9FEAC46264BDFAD0089EAB2 /* Assets.xcassets */; };
		D9FEAC4A264BDFAD0089EAB2 /* Preview Assets.xcassets in Resources */ = {isa = PBXBuildFile; fileRef = D9FEAC49264BDFAD0089EAB2 /* Preview Assets.xcassets */; };
		D9FEAC52264BE1650089EAB2 /* SceneDelegate.swift in Sources */ = {isa = PBXBuildFile; fileRef = D9FEAC51264BE1650089EAB2 /* SceneDelegate.swift */; };
		D9FEAC54264BE2860089EAB2 /* AppDelegate.swift in Sources */ = {isa = PBXBuildFile; fileRef = D9FEAC53264BE2860089EAB2 /* AppDelegate.swift */; };
		D9FEAC77264BEAE40089EAB2 /* BeerListView.swift in Sources */ = {isa = PBXBuildFile; fileRef = D9FEAC76264BEAE40089EAB2 /* BeerListView.swift */; };
		D9FEAC7D264BEB450089EAB2 /* SearchBeerView.swift in Sources */ = {isa = PBXBuildFile; fileRef = D9FEAC7C264BEB450089EAB2 /* SearchBeerView.swift */; };
		D9FEAC7F264BEB4A0089EAB2 /* RandomBeerView.swift in Sources */ = {isa = PBXBuildFile; fileRef = D9FEAC7E264BEB4A0089EAB2 /* RandomBeerView.swift */; };
		D9FEAC83264BEBDE0089EAB2 /* Beer.swift in Sources */ = {isa = PBXBuildFile; fileRef = D9FEAC82264BEBDE0089EAB2 /* Beer.swift */; };
		D9FEAC85264BEBE20089EAB2 /* BeerAPI.swift in Sources */ = {isa = PBXBuildFile; fileRef = D9FEAC84264BEBE20089EAB2 /* BeerAPI.swift */; };
		D9FEAC87264BEC010089EAB2 /* NetworkingService.swift in Sources */ = {isa = PBXBuildFile; fileRef = D9FEAC86264BEC010089EAB2 /* NetworkingService.swift */; };
		D9FEAC89264BEC440089EAB2 /* DetailBeerView.swift in Sources */ = {isa = PBXBuildFile; fileRef = D9FEAC88264BEC440089EAB2 /* DetailBeerView.swift */; };
		D9FEAC8E264BF1FE0089EAB2 /* Stub.bundle in Resources */ = {isa = PBXBuildFile; fileRef = D9FEAC8C264BF1FE0089EAB2 /* Stub.bundle */; };
		D9FEAC90264BF2610089EAB2 /* Bundle+getJson.swift in Sources */ = {isa = PBXBuildFile; fileRef = D9FEAC8F264BF2610089EAB2 /* Bundle+getJson.swift */; };
		D9FEAC94264C014F0089EAB2 /* SingleBeerView.swift in Sources */ = {isa = PBXBuildFile; fileRef = D9FEAC93264C014F0089EAB2 /* SingleBeerView.swift */; };
		D9FEAC97264C017D0089EAB2 /* UIFrame.swift in Sources */ = {isa = PBXBuildFile; fileRef = D9FEAC96264C017D0089EAB2 /* UIFrame.swift */; };
		D9FEACB6264C890A0089EAB2 /* ActivityIndicator.swift in Sources */ = {isa = PBXBuildFile; fileRef = D9FEACB5264C890A0089EAB2 /* ActivityIndicator.swift */; };
/* End PBXBuildFile section */

/* Begin PBXFileReference section */
		1A9EC8E156EFEE643C1C2D67 /* Pods_SwiftUI_MV.framework */ = {isa = PBXFileReference; explicitFileType = wrapper.framework; includeInIndex = 0; path = Pods_SwiftUI_MV.framework; sourceTree = BUILT_PRODUCTS_DIR; };
		8AB4AE5D8B569269F42CCA69 /* Pods-SwiftUI-MV.debug.xcconfig */ = {isa = PBXFileReference; includeInIndex = 1; lastKnownFileType = text.xcconfig; name = "Pods-SwiftUI-MV.debug.xcconfig"; path = "Target Support Files/Pods-SwiftUI-MV/Pods-SwiftUI-MV.debug.xcconfig"; sourceTree = "<group>"; };
		B9BB35A4ED242EA80ED5D0BA /* Pods-SwiftUI-MV.release.xcconfig */ = {isa = PBXFileReference; includeInIndex = 1; lastKnownFileType = text.xcconfig; name = "Pods-SwiftUI-MV.release.xcconfig"; path = "Target Support Files/Pods-SwiftUI-MV/Pods-SwiftUI-MV.release.xcconfig"; sourceTree = "<group>"; };
		D9FEAC3F264BDFAA0089EAB2 /* SwiftUI-MV.app */ = {isa = PBXFileReference; explicitFileType = wrapper.application; includeInIndex = 0; path = "SwiftUI-MV.app"; sourceTree = BUILT_PRODUCTS_DIR; };
		D9FEAC44264BDFAA0089EAB2 /* ContentView.swift */ = {isa = PBXFileReference; lastKnownFileType = sourcecode.swift; path = ContentView.swift; sourceTree = "<group>"; };
		D9FEAC46264BDFAD0089EAB2 /* Assets.xcassets */ = {isa = PBXFileReference; lastKnownFileType = folder.assetcatalog; path = Assets.xcassets; sourceTree = "<group>"; };
		D9FEAC49264BDFAD0089EAB2 /* Preview Assets.xcassets */ = {isa = PBXFileReference; lastKnownFileType = folder.assetcatalog; path = "Preview Assets.xcassets"; sourceTree = "<group>"; };
		D9FEAC4B264BDFAD0089EAB2 /* Info.plist */ = {isa = PBXFileReference; lastKnownFileType = text.plist.xml; path = Info.plist; sourceTree = "<group>"; };
		D9FEAC51264BE1650089EAB2 /* SceneDelegate.swift */ = {isa = PBXFileReference; lastKnownFileType = sourcecode.swift; path = SceneDelegate.swift; sourceTree = "<group>"; };
		D9FEAC53264BE2860089EAB2 /* AppDelegate.swift */ = {isa = PBXFileReference; lastKnownFileType = sourcecode.swift; path = AppDelegate.swift; sourceTree = "<group>"; };
		D9FEAC76264BEAE40089EAB2 /* BeerListView.swift */ = {isa = PBXFileReference; lastKnownFileType = sourcecode.swift; path = BeerListView.swift; sourceTree = "<group>"; };
		D9FEAC7C264BEB450089EAB2 /* SearchBeerView.swift */ = {isa = PBXFileReference; lastKnownFileType = sourcecode.swift; path = SearchBeerView.swift; sourceTree = "<group>"; };
		D9FEAC7E264BEB4A0089EAB2 /* RandomBeerView.swift */ = {isa = PBXFileReference; lastKnownFileType = sourcecode.swift; path = RandomBeerView.swift; sourceTree = "<group>"; };
		D9FEAC82264BEBDE0089EAB2 /* Beer.swift */ = {isa = PBXFileReference; lastKnownFileType = sourcecode.swift; path = Beer.swift; sourceTree = "<group>"; };
		D9FEAC84264BEBE20089EAB2 /* BeerAPI.swift */ = {isa = PBXFileReference; lastKnownFileType = sourcecode.swift; path = BeerAPI.swift; sourceTree = "<group>"; };
		D9FEAC86264BEC010089EAB2 /* NetworkingService.swift */ = {isa = PBXFileReference; lastKnownFileType = sourcecode.swift; path = NetworkingService.swift; sourceTree = "<group>"; };
		D9FEAC88264BEC440089EAB2 /* DetailBeerView.swift */ = {isa = PBXFileReference; lastKnownFileType = sourcecode.swift; path = DetailBeerView.swift; sourceTree = "<group>"; };
		D9FEAC8C264BF1FE0089EAB2 /* Stub.bundle */ = {isa = PBXFileReference; lastKnownFileType = "wrapper.plug-in"; path = Stub.bundle; sourceTree = "<group>"; };
		D9FEAC8F264BF2610089EAB2 /* Bundle+getJson.swift */ = {isa = PBXFileReference; lastKnownFileType = sourcecode.swift; path = "Bundle+getJson.swift"; sourceTree = "<group>"; };
		D9FEAC93264C014F0089EAB2 /* SingleBeerView.swift */ = {isa = PBXFileReference; lastKnownFileType = sourcecode.swift; path = SingleBeerView.swift; sourceTree = "<group>"; };
		D9FEAC96264C017D0089EAB2 /* UIFrame.swift */ = {isa = PBXFileReference; lastKnownFileType = sourcecode.swift; path = UIFrame.swift; sourceTree = "<group>"; };
		D9FEACB5264C890A0089EAB2 /* ActivityIndicator.swift */ = {isa = PBXFileReference; lastKnownFileType = sourcecode.swift; path = ActivityIndicator.swift; sourceTree = "<group>"; };
/* End PBXFileReference section */

/* Begin PBXFrameworksBuildPhase section */
		D9FEAC3C264BDFAA0089EAB2 /* Frameworks */ = {
			isa = PBXFrameworksBuildPhase;
			buildActionMask = 2147483647;
			files = (
				124F30ED7580334FF475B463 /* Pods_SwiftUI_MV.framework in Frameworks */,
			);
			runOnlyForDeploymentPostprocessing = 0;
		};
/* End PBXFrameworksBuildPhase section */

/* Begin PBXGroup section */
		89311374556A93C51B58A038 /* Frameworks */ = {
			isa = PBXGroup;
			children = (
				1A9EC8E156EFEE643C1C2D67 /* Pods_SwiftUI_MV.framework */,
			);
			name = Frameworks;
			sourceTree = "<group>";
		};
		93DC496316FE15D685DD4CBD /* Pods */ = {
			isa = PBXGroup;
			children = (
				8AB4AE5D8B569269F42CCA69 /* Pods-SwiftUI-MV.debug.xcconfig */,
				B9BB35A4ED242EA80ED5D0BA /* Pods-SwiftUI-MV.release.xcconfig */,
			);
			path = Pods;
			sourceTree = "<group>";
		};
		D9FEAC36264BDFAA0089EAB2 = {
			isa = PBXGroup;
			children = (
				D9FEAC41264BDFAA0089EAB2 /* SwiftUI-MV */,
				D9FEAC40264BDFAA0089EAB2 /* Products */,
				93DC496316FE15D685DD4CBD /* Pods */,
				89311374556A93C51B58A038 /* Frameworks */,
			);
			sourceTree = "<group>";
		};
		D9FEAC40264BDFAA0089EAB2 /* Products */ = {
			isa = PBXGroup;
			children = (
				D9FEAC3F264BDFAA0089EAB2 /* SwiftUI-MV.app */,
			);
			name = Products;
			sourceTree = "<group>";
		};
		D9FEAC41264BDFAA0089EAB2 /* SwiftUI-MV */ = {
			isa = PBXGroup;
			children = (
				D9FEAC95264C01720089EAB2 /* Constraints */,
				D9FEAC8A264BF1FE0089EAB2 /* Mock */,
				D9FEAC81264BEBD00089EAB2 /* Model */,
				D9FEAC80264BEBC70089EAB2 /* View */,
				D9FEAC51264BE1650089EAB2 /* SceneDelegate.swift */,
				D9FEAC46264BDFAD0089EAB2 /* Assets.xcassets */,
				D9FEAC4B264BDFAD0089EAB2 /* Info.plist */,
				D9FEAC48264BDFAD0089EAB2 /* Preview Content */,
				D9FEAC53264BE2860089EAB2 /* AppDelegate.swift */,
			);
			path = "SwiftUI-MV";
			sourceTree = "<group>";
		};
		D9FEAC48264BDFAD0089EAB2 /* Preview Content */ = {
			isa = PBXGroup;
			children = (
				D9FEAC49264BDFAD0089EAB2 /* Preview Assets.xcassets */,
			);
			path = "Preview Content";
			sourceTree = "<group>";
		};
		D9FEAC80264BEBC70089EAB2 /* View */ = {
			isa = PBXGroup;
			children = (
				D9FEAC9A264C07030089EAB2 /* TabBar */,
				D9FEAC99264C06F90089EAB2 /* Common */,
				D9FEAC7C264BEB450089EAB2 /* SearchBeerView.swift */,
				D9FEAC7E264BEB4A0089EAB2 /* RandomBeerView.swift */,
				D9FEAC76264BEAE40089EAB2 /* BeerListView.swift */,
				D9FEAC88264BEC440089EAB2 /* DetailBeerView.swift */,
			);
			path = View;
			sourceTree = "<group>";
		};
		D9FEAC81264BEBD00089EAB2 /* Model */ = {
			isa = PBXGroup;
			children = (
				D9FEAC82264BEBDE0089EAB2 /* Beer.swift */,
				D9FEAC86264BEC010089EAB2 /* NetworkingService.swift */,
				D9FEAC84264BEBE20089EAB2 /* BeerAPI.swift */,
			);
			path = Model;
			sourceTree = "<group>";
		};
		D9FEAC8A264BF1FE0089EAB2 /* Mock */ = {
			isa = PBXGroup;
			children = (
				D9FEAC8F264BF2610089EAB2 /* Bundle+getJson.swift */,
				D9FEAC8C264BF1FE0089EAB2 /* Stub.bundle */,
			);
			path = Mock;
			sourceTree = "<group>";
		};
		D9FEAC95264C01720089EAB2 /* Constraints */ = {
			isa = PBXGroup;
			children = (
				D9FEAC96264C017D0089EAB2 /* UIFrame.swift */,
			);
			path = Constraints;
			sourceTree = "<group>";
		};
		D9FEAC99264C06F90089EAB2 /* Common */ = {
			isa = PBXGroup;
			children = (
				D9FEAC93264C014F0089EAB2 /* SingleBeerView.swift */,
				D9FEACB5264C890A0089EAB2 /* ActivityIndicator.swift */,
			);
			path = Common;
			sourceTree = "<group>";
		};
		D9FEAC9A264C07030089EAB2 /* TabBar */ = {
			isa = PBXGroup;
			children = (
				D9FEAC44264BDFAA0089EAB2 /* ContentView.swift */,
			);
			path = TabBar;
			sourceTree = "<group>";
		};
/* End PBXGroup section */

/* Begin PBXNativeTarget section */
		D9FEAC3E264BDFAA0089EAB2 /* SwiftUI-MV */ = {
			isa = PBXNativeTarget;
			buildConfigurationList = D9FEAC4E264BDFAD0089EAB2 /* Build configuration list for PBXNativeTarget "SwiftUI-MV" */;
			buildPhases = (
				312B1734E96D8960A19E3699 /* [CP] Check Pods Manifest.lock */,
				D9FEAC3B264BDFAA0089EAB2 /* Sources */,
				D9FEAC3C264BDFAA0089EAB2 /* Frameworks */,
				D9FEAC3D264BDFAA0089EAB2 /* Resources */,
				C14A882560DBE2B30ED4C355 /* [CP] Embed Pods Frameworks */,
			);
			buildRules = (
			);
			dependencies = (
			);
			name = "SwiftUI-MV";
			packageProductDependencies = (
			);
			productName = "SwiftUI-MV";
			productReference = D9FEAC3F264BDFAA0089EAB2 /* SwiftUI-MV.app */;
			productType = "com.apple.product-type.application";
		};
/* End PBXNativeTarget section */

/* Begin PBXProject section */
		D9FEAC37264BDFAA0089EAB2 /* Project object */ = {
			isa = PBXProject;
			attributes = {
				LastSwiftUpdateCheck = 1250;
				LastUpgradeCheck = 1250;
				TargetAttributes = {
					D9FEAC3E264BDFAA0089EAB2 = {
						CreatedOnToolsVersion = 12.5;
					};
				};
			};
			buildConfigurationList = D9FEAC3A264BDFAA0089EAB2 /* Build configuration list for PBXProject "SwiftUI-MV" */;
			compatibilityVersion = "Xcode 9.3";
			developmentRegion = en;
			hasScannedForEncodings = 0;
			knownRegions = (
				en,
				Base,
			);
			mainGroup = D9FEAC36264BDFAA0089EAB2;
			packageReferences = (
			);
			productRefGroup = D9FEAC40264BDFAA0089EAB2 /* Products */;
			projectDirPath = "";
			projectRoot = "";
			targets = (
				D9FEAC3E264BDFAA0089EAB2 /* SwiftUI-MV */,
			);
		};
/* End PBXProject section */

/* Begin PBXResourcesBuildPhase section */
		D9FEAC3D264BDFAA0089EAB2 /* Resources */ = {
			isa = PBXResourcesBuildPhase;
			buildActionMask = 2147483647;
			files = (
				D9FEAC4A264BDFAD0089EAB2 /* Preview Assets.xcassets in Resources */,
				D9FEAC47264BDFAD0089EAB2 /* Assets.xcassets in Resources */,
				D9FEAC8E264BF1FE0089EAB2 /* Stub.bundle in Resources */,
			);
			runOnlyForDeploymentPostprocessing = 0;
		};
/* End PBXResourcesBuildPhase section */

/* Begin PBXShellScriptBuildPhase section */
		312B1734E96D8960A19E3699 /* [CP] Check Pods Manifest.lock */ = {
			isa = PBXShellScriptBuildPhase;
			buildActionMask = 2147483647;
			files = (
			);
			inputFileListPaths = (
			);
			inputPaths = (
				"${PODS_PODFILE_DIR_PATH}/Podfile.lock",
				"${PODS_ROOT}/Manifest.lock",
			);
			name = "[CP] Check Pods Manifest.lock";
			outputFileListPaths = (
			);
			outputPaths = (
				"$(DERIVED_FILE_DIR)/Pods-SwiftUI-MV-checkManifestLockResult.txt",
			);
			runOnlyForDeploymentPostprocessing = 0;
			shellPath = /bin/sh;
			shellScript = "diff \"${PODS_PODFILE_DIR_PATH}/Podfile.lock\" \"${PODS_ROOT}/Manifest.lock\" > /dev/null\nif [ $? != 0 ] ; then\n    # print error to STDERR\n    echo \"error: The sandbox is not in sync with the Podfile.lock. Run 'pod install' or update your CocoaPods installation.\" >&2\n    exit 1\nfi\n# This output is used by Xcode 'outputs' to avoid re-running this script phase.\necho \"SUCCESS\" > \"${SCRIPT_OUTPUT_FILE_0}\"\n";
			showEnvVarsInLog = 0;
		};
		C14A882560DBE2B30ED4C355 /* [CP] Embed Pods Frameworks */ = {
			isa = PBXShellScriptBuildPhase;
			buildActionMask = 2147483647;
			files = (
			);
			inputFileListPaths = (
				"${PODS_ROOT}/Target Support Files/Pods-SwiftUI-MV/Pods-SwiftUI-MV-frameworks-${CONFIGURATION}-input-files.xcfilelist",
			);
			name = "[CP] Embed Pods Frameworks";
			outputFileListPaths = (
				"${PODS_ROOT}/Target Support Files/Pods-SwiftUI-MV/Pods-SwiftUI-MV-frameworks-${CONFIGURATION}-output-files.xcfilelist",
			);
			runOnlyForDeploymentPostprocessing = 0;
			shellPath = /bin/sh;
			shellScript = "\"${PODS_ROOT}/Target Support Files/Pods-SwiftUI-MV/Pods-SwiftUI-MV-frameworks.sh\"\n";
			showEnvVarsInLog = 0;
		};
/* End PBXShellScriptBuildPhase section */

/* Begin PBXSourcesBuildPhase section */
		D9FEAC3B264BDFAA0089EAB2 /* Sources */ = {
			isa = PBXSourcesBuildPhase;
			buildActionMask = 2147483647;
			files = (
				D9FEAC97264C017D0089EAB2 /* UIFrame.swift in Sources */,
				D9FEAC85264BEBE20089EAB2 /* BeerAPI.swift in Sources */,
				D9FEAC7D264BEB450089EAB2 /* SearchBeerView.swift in Sources */,
				D9FEAC7F264BEB4A0089EAB2 /* RandomBeerView.swift in Sources */,
				D9FEACB6264C890A0089EAB2 /* ActivityIndicator.swift in Sources */,
				D9FEAC87264BEC010089EAB2 /* NetworkingService.swift in Sources */,
				D9FEAC54264BE2860089EAB2 /* AppDelegate.swift in Sources */,
				D9FEAC45264BDFAA0089EAB2 /* ContentView.swift in Sources */,
				D9FEAC77264BEAE40089EAB2 /* BeerListView.swift in Sources */,
				D9FEAC90264BF2610089EAB2 /* Bundle+getJson.swift in Sources */,
				D9FEAC83264BEBDE0089EAB2 /* Beer.swift in Sources */,
				D9FEAC52264BE1650089EAB2 /* SceneDelegate.swift in Sources */,
				D9FEAC94264C014F0089EAB2 /* SingleBeerView.swift in Sources */,
				D9FEAC89264BEC440089EAB2 /* DetailBeerView.swift in Sources */,
			);
			runOnlyForDeploymentPostprocessing = 0;
		};
/* End PBXSourcesBuildPhase section */

/* Begin XCBuildConfiguration section */
		D9FEAC4C264BDFAD0089EAB2 /* Debug */ = {
			isa = XCBuildConfiguration;
			buildSettings = {
				ALWAYS_SEARCH_USER_PATHS = NO;
				CLANG_ANALYZER_NONNULL = YES;
				CLANG_ANALYZER_NUMBER_OBJECT_CONVERSION = YES_AGGRESSIVE;
				CLANG_CXX_LANGUAGE_STANDARD = "gnu++14";
				CLANG_CXX_LIBRARY = "libc++";
				CLANG_ENABLE_MODULES = YES;
				CLANG_ENABLE_OBJC_ARC = YES;
				CLANG_ENABLE_OBJC_WEAK = YES;
				CLANG_WARN_BLOCK_CAPTURE_AUTORELEASING = YES;
				CLANG_WARN_BOOL_CONVERSION = YES;
				CLANG_WARN_COMMA = YES;
				CLANG_WARN_CONSTANT_CONVERSION = YES;
				CLANG_WARN_DEPRECATED_OBJC_IMPLEMENTATIONS = YES;
				CLANG_WARN_DIRECT_OBJC_ISA_USAGE = YES_ERROR;
				CLANG_WARN_DOCUMENTATION_COMMENTS = YES;
				CLANG_WARN_EMPTY_BODY = YES;
				CLANG_WARN_ENUM_CONVERSION = YES;
				CLANG_WARN_INFINITE_RECURSION = YES;
				CLANG_WARN_INT_CONVERSION = YES;
				CLANG_WARN_NON_LITERAL_NULL_CONVERSION = YES;
				CLANG_WARN_OBJC_IMPLICIT_RETAIN_SELF = YES;
				CLANG_WARN_OBJC_LITERAL_CONVERSION = YES;
				CLANG_WARN_OBJC_ROOT_CLASS = YES_ERROR;
				CLANG_WARN_QUOTED_INCLUDE_IN_FRAMEWORK_HEADER = YES;
				CLANG_WARN_RANGE_LOOP_ANALYSIS = YES;
				CLANG_WARN_STRICT_PROTOTYPES = YES;
				CLANG_WARN_SUSPICIOUS_MOVE = YES;
				CLANG_WARN_UNGUARDED_AVAILABILITY = YES_AGGRESSIVE;
				CLANG_WARN_UNREACHABLE_CODE = YES;
				CLANG_WARN__DUPLICATE_METHOD_MATCH = YES;
				COPY_PHASE_STRIP = NO;
				DEBUG_INFORMATION_FORMAT = dwarf;
				ENABLE_STRICT_OBJC_MSGSEND = YES;
				ENABLE_TESTABILITY = YES;
				GCC_C_LANGUAGE_STANDARD = gnu11;
				GCC_DYNAMIC_NO_PIC = NO;
				GCC_NO_COMMON_BLOCKS = YES;
				GCC_OPTIMIZATION_LEVEL = 0;
				GCC_PREPROCESSOR_DEFINITIONS = (
					"DEBUG=1",
					"$(inherited)",
				);
				GCC_WARN_64_TO_32_BIT_CONVERSION = YES;
				GCC_WARN_ABOUT_RETURN_TYPE = YES_ERROR;
				GCC_WARN_UNDECLARED_SELECTOR = YES;
				GCC_WARN_UNINITIALIZED_AUTOS = YES_AGGRESSIVE;
				GCC_WARN_UNUSED_FUNCTION = YES;
				GCC_WARN_UNUSED_VARIABLE = YES;
				IPHONEOS_DEPLOYMENT_TARGET = 14.5;
				MTL_ENABLE_DEBUG_INFO = INCLUDE_SOURCE;
				MTL_FAST_MATH = YES;
				ONLY_ACTIVE_ARCH = YES;
				SDKROOT = iphoneos;
				SWIFT_ACTIVE_COMPILATION_CONDITIONS = DEBUG;
				SWIFT_OPTIMIZATION_LEVEL = "-Onone";
			};
			name = Debug;
		};
		D9FEAC4D264BDFAD0089EAB2 /* Release */ = {
			isa = XCBuildConfiguration;
			buildSettings = {
				ALWAYS_SEARCH_USER_PATHS = NO;
				CLANG_ANALYZER_NONNULL = YES;
				CLANG_ANALYZER_NUMBER_OBJECT_CONVERSION = YES_AGGRESSIVE;
				CLANG_CXX_LANGUAGE_STANDARD = "gnu++14";
				CLANG_CXX_LIBRARY = "libc++";
				CLANG_ENABLE_MODULES = YES;
				CLANG_ENABLE_OBJC_ARC = YES;
				CLANG_ENABLE_OBJC_WEAK = YES;
				CLANG_WARN_BLOCK_CAPTURE_AUTORELEASING = YES;
				CLANG_WARN_BOOL_CONVERSION = YES;
				CLANG_WARN_COMMA = YES;
				CLANG_WARN_CONSTANT_CONVERSION = YES;
				CLANG_WARN_DEPRECATED_OBJC_IMPLEMENTATIONS = YES;
				CLANG_WARN_DIRECT_OBJC_ISA_USAGE = YES_ERROR;
				CLANG_WARN_DOCUMENTATION_COMMENTS = YES;
				CLANG_WARN_EMPTY_BODY = YES;
				CLANG_WARN_ENUM_CONVERSION = YES;
				CLANG_WARN_INFINITE_RECURSION = YES;
				CLANG_WARN_INT_CONVERSION = YES;
				CLANG_WARN_NON_LITERAL_NULL_CONVERSION = YES;
				CLANG_WARN_OBJC_IMPLICIT_RETAIN_SELF = YES;
				CLANG_WARN_OBJC_LITERAL_CONVERSION = YES;
				CLANG_WARN_OBJC_ROOT_CLASS = YES_ERROR;
				CLANG_WARN_QUOTED_INCLUDE_IN_FRAMEWORK_HEADER = YES;
				CLANG_WARN_RANGE_LOOP_ANALYSIS = YES;
				CLANG_WARN_STRICT_PROTOTYPES = YES;
				CLANG_WARN_SUSPICIOUS_MOVE = YES;
				CLANG_WARN_UNGUARDED_AVAILABILITY = YES_AGGRESSIVE;
				CLANG_WARN_UNREACHABLE_CODE = YES;
				CLANG_WARN__DUPLICATE_METHOD_MATCH = YES;
				COPY_PHASE_STRIP = NO;
				DEBUG_INFORMATION_FORMAT = "dwarf-with-dsym";
				ENABLE_NS_ASSERTIONS = NO;
				ENABLE_STRICT_OBJC_MSGSEND = YES;
				GCC_C_LANGUAGE_STANDARD = gnu11;
				GCC_NO_COMMON_BLOCKS = YES;
				GCC_WARN_64_TO_32_BIT_CONVERSION = YES;
				GCC_WARN_ABOUT_RETURN_TYPE = YES_ERROR;
				GCC_WARN_UNDECLARED_SELECTOR = YES;
				GCC_WARN_UNINITIALIZED_AUTOS = YES_AGGRESSIVE;
				GCC_WARN_UNUSED_FUNCTION = YES;
				GCC_WARN_UNUSED_VARIABLE = YES;
				IPHONEOS_DEPLOYMENT_TARGET = 14.5;
				MTL_ENABLE_DEBUG_INFO = NO;
				MTL_FAST_MATH = YES;
				SDKROOT = iphoneos;
				SWIFT_COMPILATION_MODE = wholemodule;
				SWIFT_OPTIMIZATION_LEVEL = "-O";
				VALIDATE_PRODUCT = YES;
			};
			name = Release;
		};
		D9FEAC4F264BDFAD0089EAB2 /* Debug */ = {
			isa = XCBuildConfiguration;
			baseConfigurationReference = 8AB4AE5D8B569269F42CCA69 /* Pods-SwiftUI-MV.debug.xcconfig */;
			buildSettings = {
				ASSETCATALOG_COMPILER_APPICON_NAME = AppIcon;
				ASSETCATALOG_COMPILER_GLOBAL_ACCENT_COLOR_NAME = AccentColor;
				CODE_SIGN_STYLE = Automatic;
				DEVELOPMENT_ASSET_PATHS = "\"SwiftUI-MV/Preview Content\"";
				DEVELOPMENT_TEAM = C2JSJLJ4FN;
				ENABLE_PREVIEWS = YES;
				INFOPLIST_FILE = "SwiftUI-MV/Info.plist";
				IPHONEOS_DEPLOYMENT_TARGET = 13.0;
				LD_RUNPATH_SEARCH_PATHS = (
					"$(inherited)",
					"@executable_path/Frameworks",
				);
				PRODUCT_BUNDLE_IDENTIFIER = "com.jeonggo.SwiftUI-MV";
				PRODUCT_NAME = "$(TARGET_NAME)";
				SWIFT_VERSION = 5.0;
				TARGETED_DEVICE_FAMILY = "1,2";
			};
			name = Debug;
		};
		D9FEAC50264BDFAD0089EAB2 /* Release */ = {
			isa = XCBuildConfiguration;
			baseConfigurationReference = B9BB35A4ED242EA80ED5D0BA /* Pods-SwiftUI-MV.release.xcconfig */;
			buildSettings = {
				ASSETCATALOG_COMPILER_APPICON_NAME = AppIcon;
				ASSETCATALOG_COMPILER_GLOBAL_ACCENT_COLOR_NAME = AccentColor;
				CODE_SIGN_STYLE = Automatic;
				DEVELOPMENT_ASSET_PATHS = "\"SwiftUI-MV/Preview Content\"";
				DEVELOPMENT_TEAM = C2JSJLJ4FN;
				ENABLE_PREVIEWS = YES;
				INFOPLIST_FILE = "SwiftUI-MV/Info.plist";
				IPHONEOS_DEPLOYMENT_TARGET = 13.0;
				LD_RUNPATH_SEARCH_PATHS = (
					"$(inherited)",
					"@executable_path/Frameworks",
				);
				PRODUCT_BUNDLE_IDENTIFIER = "com.jeonggo.SwiftUI-MV";
				PRODUCT_NAME = "$(TARGET_NAME)";
				SWIFT_VERSION = 5.0;
				TARGETED_DEVICE_FAMILY = "1,2";
			};
			name = Release;
		};
/* End XCBuildConfiguration section */

/* Begin XCConfigurationList section */
		D9FEAC3A264BDFAA0089EAB2 /* Build configuration list for PBXProject "SwiftUI-MV" */ = {
			isa = XCConfigurationList;
			buildConfigurations = (
				D9FEAC4C264BDFAD0089EAB2 /* Debug */,
				D9FEAC4D264BDFAD0089EAB2 /* Release */,
			);
			defaultConfigurationIsVisible = 0;
			defaultConfigurationName = Release;
		};
		D9FEAC4E264BDFAD0089EAB2 /* Build configuration list for PBXNativeTarget "SwiftUI-MV" */ = {
			isa = XCConfigurationList;
			buildConfigurations = (
				D9FEAC4F264BDFAD0089EAB2 /* Debug */,
				D9FEAC50264BDFAD0089EAB2 /* Release */,
			);
			defaultConfigurationIsVisible = 0;
			defaultConfigurationName = Release;
		};
/* End XCConfigurationList section */
	};
	rootObject = D9FEAC37264BDFAA0089EAB2 /* Project object */;
}
